<?xml version="1.0" encoding="utf-8"?>
<Project ToolsVersion="4.0" xmlns="http://schemas.microsoft.com/developer/msbuild/2003">
  <ItemGroup>
    <Filter Include="Source Files">
      <UniqueIdentifier>{4FC737F1-C7A5-4376-A066-2A32D752A2FF}</UniqueIdentifier>
      <Extensions>cpp;c;cc;cxx;def;odl;idl;hpj;bat;asm;asmx</Extensions>
    </Filter>
    <Filter Include="Header Files">
      <UniqueIdentifier>{93995380-89BD-4b04-88EB-625FBE52EBFB}</UniqueIdentifier>
      <Extensions>h;hh;hpp;hxx;hm;inl;inc;xsd</Extensions>
    </Filter>
    <Filter Include="Source Files\mesh">
      <UniqueIdentifier>{220e528f-d208-4780-873a-a9ffbab801fa}</UniqueIdentifier>
    </Filter>
    <Filter Include="Source Files\mesh\rply">
      <UniqueIdentifier>{e1a5983f-0dce-4bb7-ae25-81f4cb0003de}</UniqueIdentifier>
    </Filter>
    <Filter Include="Source Files\Resource Files">
      <UniqueIdentifier>{67DA6AB6-F800-4c08-8B7A-83BB121AAD01}</UniqueIdentifier>
      <Extensions>rc;ico;cur;bmp;dlg;rc2;rct;bin;rgs;gif;jpg;jpeg;jpe;resx;tiff;tif;png;wav;mfcribbon-ms</Extensions>
    </Filter>
  </ItemGroup>
  <ItemGroup>
    <Text Include="ReadMe.txt" />
  </ItemGroup>
  <ItemGroup>
    <ClInclude Include="stdafx.h">
      <Filter>Header Files</Filter>
    </ClInclude>
    <ClInclude Include="targetver.h">
      <Filter>Header Files</Filter>
    </ClInclude>
    <ClInclude Include="..\..\src\buffers.h">
      <Filter>Source Files</Filter>
    </ClInclude>
    <ClInclude Include="..\..\src\camera.h">
      <Filter>Source Files</Filter>
    </ClInclude>
    <ClInclude Include="..\..\src\ray.h">
      <Filter>Source Files</Filter>
    </ClInclude>
    <ClInclude Include="..\..\src\types.h">
      <Filter>Source Files</Filter>
    </ClInclude>
    <ClInclude Include="..\..\src\framebuffer.h">
      <Filter>Source Files</Filter>
    </ClInclude>
    <ClInclude Include="..\..\src\renderer.h">
      <Filter>Source Files</Filter>
    </ClInclude>
    <ClInclude Include="..\..\src\lights.h">
      <Filter>Source Files</Filter>
    </ClInclude>
    <ClInclude Include="..\..\src\mesh\rply-1.01\rply.h">
      <Filter>Source Files\mesh\rply</Filter>
    </ClInclude>
    <ClInclude Include="..\..\src\mesh_lights.h">
      <Filter>Source Files</Filter>
    </ClInclude>
    <ClInclude Include="..\..\src\mesh_utils.h">
      <Filter>Source Files</Filter>
    </ClInclude>
    <ClInclude Include="..\..\src\edf.h">
      <Filter>Source Files</Filter>
    </ClInclude>
    <ClInclude Include="..\..\src\vertex.h">
      <Filter>Source Files</Filter>
    </ClInclude>
    <ClInclude Include="..\..\src\bsdf.h">
      <Filter>Source Files</Filter>
    </ClInclude>
    <ClInclude Include="..\..\src\pathtracer.h">
      <Filter>Source Files</Filter>
    </ClInclude>
    <ClInclude Include="..\..\src\tiled_sampling.h">
      <Filter>Source Files</Filter>
    </ClInclude>
    <ClInclude Include="..\..\src\glut_viewer.h">
      <Filter>Source Files</Filter>
    </ClInclude>
    <ClInclude Include="..\..\src\texture.h">
      <Filter>Source Files</Filter>
    </ClInclude>
    <ClInclude Include="..\..\src\texture_reference.h">
      <Filter>Source Files</Filter>
    </ClInclude>
    <ClInclude Include="..\..\src\cmlt.h">
      <Filter>Source Files</Filter>
    </ClInclude>
    <ClInclude Include="..\..\src\path.h">
      <Filter>Source Files</Filter>
    </ClInclude>
    <ClInclude Include="..\..\src\path_inversion.h">
      <Filter>Source Files</Filter>
    </ClInclude>
    <ClInclude Include="..\..\src\bpt_utils.h">
      <Filter>Source Files</Filter>
    </ClInclude>
    <ClInclude Include="..\..\src\ray_queues.h">
      <Filter>Source Files</Filter>
    </ClInclude>
    <ClInclude Include="..\..\src\pssmlt.h">
      <Filter>Source Files</Filter>
    </ClInclude>
    <ClInclude Include="..\..\src\bpt_context.h">
      <Filter>Source Files</Filter>
    </ClInclude>
    <ClInclude Include="..\..\src\bpt_kernels.h">
      <Filter>Source Files</Filter>
    </ClInclude>
    <ClInclude Include="..\..\src\bpt_control.h">
      <Filter>Source Files</Filter>
    </ClInclude>
    <ClInclude Include="..\..\src\tiled_sequence.h">
      <Filter>Source Files</Filter>
    </ClInclude>
    <ClInclude Include="..\..\src\bpt_samplers.h">
      <Filter>Source Files</Filter>
    </ClInclude>
    <ClInclude Include="..\..\src\bpt_queues.h">
      <Filter>Source Files</Filter>
    </ClInclude>
    <ClInclude Include="..\..\src\random_sequence.h">
      <Filter>Source Files</Filter>
    </ClInclude>
    <ClInclude Include="..\..\src\bpt.h">
      <Filter>Source Files</Filter>
    </ClInclude>
    <ClInclude Include="..\..\src\bpt_options.h">
      <Filter>Source Files</Filter>
    </ClInclude>
    <ClInclude Include="..\..\src\vertex_storage.h">
      <Filter>Source Files</Filter>
    </ClInclude>
    <ClInclude Include="..\..\src\rpt.h">
      <Filter>Source Files</Filter>
    </ClInclude>
    <ClInclude Include="..\..\src\eaw.h">
      <Filter>Source Files</Filter>
    </ClInclude>
    <ClInclude Include="..\..\src\renderer_view.h">
      <Filter>Source Files</Filter>
    </ClInclude>
    <ClInclude Include="..\..\src\renderer_interface.h">
      <Filter>Source Files</Filter>
    </ClInclude>
    <ClInclude Include="..\..\src\mis_utils.h">
      <Filter>Source Files</Filter>
    </ClInclude>
    <ClInclude Include="..\..\src\spatial_hash.h">
      <Filter>Source Files</Filter>
    </ClInclude>
    <ClInclude Include="..\..\src\mesh\glm.h">
      <Filter>Source Files\mesh</Filter>
    </ClInclude>
    <ClInclude Include="..\..\src\mesh\MeshBase.h">
      <Filter>Source Files\mesh</Filter>
    </ClInclude>
    <ClInclude Include="..\..\src\mesh\MeshException.h">
      <Filter>Source Files\mesh</Filter>
    </ClInclude>
    <ClInclude Include="..\..\src\mesh\MeshLoader.h">
      <Filter>Source Files\mesh</Filter>
    </ClInclude>
    <ClInclude Include="..\..\src\mesh\MeshStorage.h">
      <Filter>Source Files\mesh</Filter>
    </ClInclude>
    <ClInclude Include="..\..\src\hashmap.h">
      <Filter>Source Files</Filter>
    </ClInclude>
    <ClInclude Include="..\..\src\files.h">
      <Filter>Source Files</Filter>
    </ClInclude>
  </ItemGroup>
  <ItemGroup>
    <ClCompile Include="stdafx.cpp">
      <Filter>Source Files</Filter>
    </ClCompile>
    <ClCompile Include="..\..\src\mesh\rply-1.01\rply.c">
      <Filter>Source Files\mesh\rply</Filter>
    </ClCompile>
    <ClCompile Include="..\..\src\metro_test.cpp">
      <Filter>Source Files</Filter>
    </ClCompile>
    <ClCompile Include="..\..\src\mesh\glm.cpp">
      <Filter>Source Files\mesh</Filter>
    </ClCompile>
    <ClCompile Include="..\..\src\mesh\MeshBase.cpp">
      <Filter>Source Files\mesh</Filter>
    </ClCompile>
    <ClCompile Include="..\..\src\mesh\MeshLoader.cpp">
      <Filter>Source Files\mesh</Filter>
    </ClCompile>
    <ClCompile Include="..\..\src\mesh\MeshStorage.cpp">
      <Filter>Source Files\mesh</Filter>
    </ClCompile>
    <ClCompile Include="..\..\src\files.cpp">
      <Filter>Source Files</Filter>
    </ClCompile>
    <ClCompile Include="..\..\src\mesh\fermat_loader.cpp">
      <Filter>Source Files\mesh</Filter>
    </ClCompile>
  </ItemGroup>
  <ItemGroup>
    <CudaCompile Include="..\..\src\renderer.cu">
      <Filter>Source Files</Filter>
    </CudaCompile>
    <CudaCompile Include="..\..\src\mesh_lights.cu">
      <Filter>Source Files</Filter>
    </CudaCompile>
    <CudaCompile Include="..\..\src\main.cu">
      <Filter>Source Files</Filter>
    </CudaCompile>
    <CudaCompile Include="..\..\src\pathtracer.cu">
      <Filter>Source Files</Filter>
    </CudaCompile>
    <CudaCompile Include="..\..\src\glut_viewer.cu">
      <Filter>Source Files</Filter>
    </CudaCompile>
    <CudaCompile Include="..\..\src\cmlt.cu">
      <Filter>Source Files</Filter>
    </CudaCompile>
    <CudaCompile Include="..\..\src\pssmlt.cu">
      <Filter>Source Files</Filter>
    </CudaCompile>
    <CudaCompile Include="..\..\src\tiled_sequence.cu">
      <Filter>Source Files</Filter>
    </CudaCompile>
    <CudaCompile Include="..\..\src\bpt.cu">
      <Filter>Source Files</Filter>
    </CudaCompile>
    <CudaCompile Include="..\..\src\rpt.cu">
      <Filter>Source Files</Filter>
    </CudaCompile>
    <CudaCompile Include="..\..\src\eaw.cu">
      <Filter>Source Files</Filter>
    </CudaCompile>
    <CudaCompile Include="..\..\src\mesh\MeshKernels.cu">
      <Filter>Source Files\mesh</Filter>
    </CudaCompile>
  </ItemGroup>
</Project>