<?xml version="1.0" encoding="utf-8"?>
<Project ToolsVersion="4.0" xmlns="http://schemas.microsoft.com/developer/msbuild/2003">
  <ItemGroup>
    <Filter Include="Source Files">
      <UniqueIdentifier>{4FC737F1-C7A5-4376-A066-2A32D752A2FF}</UniqueIdentifier>
      <Extensions>cpp;c;cc;cxx;def;odl;idl;hpj;bat;asm;asmx</Extensions>
    </Filter>
    <Filter Include="Header Files">
      <UniqueIdentifier>{93995380-89BD-4b04-88EB-625FBE52EBFB}</UniqueIdentifier>
      <Extensions>h;hh;hpp;hxx;hm;inl;inc;xsd</Extensions>
    </Filter>
    <Filter Include="Source Files\mesh">
      <UniqueIdentifier>{220e528f-d208-4780-873a-a9ffbab801fa}</UniqueIdentifier>
    </Filter>
    <Filter Include="Source Files\mesh\rply">
      <UniqueIdentifier>{e1a5983f-0dce-4bb7-ae25-81f4cb0003de}</UniqueIdentifier>
    </Filter>
    <Filter Include="Source Files\Resource Files">
      <UniqueIdentifier>{67DA6AB6-F800-4c08-8B7A-83BB121AAD01}</UniqueIdentifier>
      <Extensions>rc;ico;cur;bmp;dlg;rc2;rct;bin;rgs;gif;jpg;jpeg;jpe;resx;tiff;tif;png;wav;mfcribbon-ms</Extensions>
    </Filter>
    <Filter Include="Source Files\kernels">
      <UniqueIdentifier>{642ff317-3e20-4950-99c1-9952a7c42b3c}</UniqueIdentifier>
    </Filter>
    <Filter Include="doxygen">
      <UniqueIdentifier>{8874a559-fb33-48fd-bc83-9ae98082dd36}</UniqueIdentifier>
    </Filter>
    <Filter Include="Source Files\renderers">
      <UniqueIdentifier>{fe9ac3e0-af0f-4ea3-b9be-c82823c142ec}</UniqueIdentifier>
    </Filter>
  </ItemGroup>
  <ItemGroup>
    <ClInclude Include="stdafx.h">
      <Filter>Header Files</Filter>
    </ClInclude>
    <ClInclude Include="targetver.h">
      <Filter>Header Files</Filter>
    </ClInclude>
    <ClInclude Include="..\..\src\buffers.h">
      <Filter>Source Files</Filter>
    </ClInclude>
    <ClInclude Include="..\..\src\camera.h">
      <Filter>Source Files</Filter>
    </ClInclude>
    <ClInclude Include="..\..\src\ray.h">
      <Filter>Source Files</Filter>
    </ClInclude>
    <ClInclude Include="..\..\src\types.h">
      <Filter>Source Files</Filter>
    </ClInclude>
    <ClInclude Include="..\..\src\framebuffer.h">
      <Filter>Source Files</Filter>
    </ClInclude>
    <ClInclude Include="..\..\src\renderer.h">
      <Filter>Source Files</Filter>
    </ClInclude>
    <ClInclude Include="..\..\src\lights.h">
      <Filter>Source Files</Filter>
    </ClInclude>
    <ClInclude Include="..\..\src\mesh\glm.h">
      <Filter>Source Files\mesh</Filter>
    </ClInclude>
    <ClInclude Include="..\..\src\mesh\MeshBase.h">
      <Filter>Source Files\mesh</Filter>
    </ClInclude>
    <ClInclude Include="..\..\src\mesh\MeshException.h">
      <Filter>Source Files\mesh</Filter>
    </ClInclude>
    <ClInclude Include="..\..\src\mesh\MeshLoader.h">
      <Filter>Source Files\mesh</Filter>
    </ClInclude>
    <ClInclude Include="..\..\src\mesh\MeshStorage.h">
      <Filter>Source Files\mesh</Filter>
    </ClInclude>
    <ClInclude Include="..\..\src\mesh\rply-1.01\rply.h">
      <Filter>Source Files\mesh\rply</Filter>
    </ClInclude>
    <ClInclude Include="..\..\src\mesh_lights.h">
      <Filter>Source Files</Filter>
    </ClInclude>
    <ClInclude Include="..\..\src\mesh_utils.h">
      <Filter>Source Files</Filter>
    </ClInclude>
    <ClInclude Include="..\..\src\edf.h">
      <Filter>Source Files</Filter>
    </ClInclude>
    <ClInclude Include="..\..\src\vertex.h">
      <Filter>Source Files</Filter>
    </ClInclude>
    <ClInclude Include="..\..\src\bsdf.h">
      <Filter>Source Files</Filter>
    </ClInclude>
    <ClInclude Include="..\..\src\tiled_sampling.h">
      <Filter>Source Files</Filter>
    </ClInclude>
    <ClInclude Include="..\..\src\glut_viewer.h">
      <Filter>Source Files</Filter>
    </ClInclude>
    <ClInclude Include="..\..\src\texture.h">
      <Filter>Source Files</Filter>
    </ClInclude>
    <ClInclude Include="..\..\src\texture_reference.h">
      <Filter>Source Files</Filter>
    </ClInclude>
    <ClInclude Include="..\..\src\path.h">
      <Filter>Source Files</Filter>
    </ClInclude>
    <ClInclude Include="..\..\src\path_inversion.h">
      <Filter>Source Files</Filter>
    </ClInclude>
    <ClInclude Include="..\..\src\bpt_utils.h">
      <Filter>Source Files</Filter>
    </ClInclude>
    <ClInclude Include="..\..\src\ray_queues.h">
      <Filter>Source Files</Filter>
    </ClInclude>
    <ClInclude Include="..\..\src\bpt_context.h">
      <Filter>Source Files</Filter>
    </ClInclude>
    <ClInclude Include="..\..\src\bpt_kernels.h">
      <Filter>Source Files</Filter>
    </ClInclude>
    <ClInclude Include="..\..\src\bpt_control.h">
      <Filter>Source Files</Filter>
    </ClInclude>
    <ClInclude Include="..\..\src\tiled_sequence.h">
      <Filter>Source Files</Filter>
    </ClInclude>
    <ClInclude Include="..\..\src\bpt_samplers.h">
      <Filter>Source Files</Filter>
    </ClInclude>
    <ClInclude Include="..\..\src\bpt_queues.h">
      <Filter>Source Files</Filter>
    </ClInclude>
    <ClInclude Include="..\..\src\random_sequence.h">
      <Filter>Source Files</Filter>
    </ClInclude>
    <ClInclude Include="..\..\src\bpt_options.h">
      <Filter>Source Files</Filter>
    </ClInclude>
    <ClInclude Include="..\..\src\vertex_storage.h">
      <Filter>Source Files</Filter>
    </ClInclude>
    <ClInclude Include="..\..\src\eaw.h">
      <Filter>Source Files</Filter>
    </ClInclude>
    <ClInclude Include="..\..\src\renderer_view.h">
      <Filter>Source Files</Filter>
    </ClInclude>
    <ClInclude Include="..\..\src\renderer_interface.h">
      <Filter>Source Files</Filter>
    </ClInclude>
    <ClInclude Include="..\..\src\mis_utils.h">
      <Filter>Source Files</Filter>
    </ClInclude>
    <ClInclude Include="..\..\src\hashmap.h">
      <Filter>Source Files</Filter>
    </ClInclude>
    <ClInclude Include="..\..\src\spatial_hash.h">
      <Filter>Source Files</Filter>
    </ClInclude>
    <ClInclude Include="..\..\src\files.h">
      <Filter>Source Files</Filter>
    </ClInclude>
    <ClInclude Include="..\..\src\types - Copy.h">
      <Filter>Header Files</Filter>
    </ClInclude>
    <ClInclude Include="..\..\src\uv_bvh.h">
      <Filter>Source Files</Filter>
    </ClInclude>
    <ClInclude Include="..\..\src\uv_bvh_view.h">
      <Filter>Source Files</Filter>
    </ClInclude>
    <ClInclude Include="..\..\src\vtl.h">
      <Filter>Source Files</Filter>
    </ClInclude>
    <ClInclude Include="..\..\src\clustered_rl.h">
      <Filter>Source Files</Filter>
    </ClInclude>
    <ClInclude Include="..\..\src\clustered_rl_inline.h">
      <Filter>Source Files</Filter>
    </ClInclude>
    <ClInclude Include="..\..\src\vtl_mesh_view.h">
      <Filter>Source Files</Filter>
    </ClInclude>
    <ClInclude Include="..\..\src\xbl.h">
      <Filter>Source Files</Filter>
    </ClInclude>
    <ClInclude Include="..\..\src\filters.h">
      <Filter>Source Files</Filter>
    </ClInclude>
    <ClInclude Include="..\..\src\rt.h">
      <Filter>Source Files</Filter>
    </ClInclude>
    <ClInclude Include="..\..\src\kernels\optix_common_variables.h">
      <Filter>Source Files\kernels</Filter>
    </ClInclude>
    <ClInclude Include="..\..\src\kernels\optix_payload.h">
      <Filter>Source Files\kernels</Filter>
    </ClInclude>
    <ClInclude Include="..\..\src\kernels\optix_attributes.h">
      <Filter>Source Files\kernels</Filter>
    </ClInclude>
    <ClInclude Include="..\..\src\kernels\optix_base_shaders.h">
      <Filter>Source Files\kernels</Filter>
    </ClInclude>
    <ClInclude Include="..\..\src\mesh\MeshView.h">
      <Filter>Source Files\mesh</Filter>
    </ClInclude>
    <ClInclude Include="..\..\src\texture_view.h">
      <Filter>Source Files</Filter>
    </ClInclude>
    <ClInclude Include="..\..\src\kernels\optix_base_shadow_shaders.h">
      <Filter>Source Files\kernels</Filter>
    </ClInclude>
    <ClInclude Include="..\..\src\pathtracer_core.h">
      <Filter>Source Files</Filter>
    </ClInclude>
    <ClInclude Include="..\..\src\pathtracer_queues.h">
      <Filter>Source Files</Filter>
    </ClInclude>
    <ClInclude Include="..\..\src\mesh\MeshCompression.h">
      <Filter>Source Files\mesh</Filter>
    </ClInclude>
    <ClInclude Include="..\..\src\direct_lighting_rl.h">
      <Filter>Source Files</Filter>
    </ClInclude>
    <ClInclude Include="..\..\src\direct_lighting_mesh.h">
      <Filter>Source Files</Filter>
    </ClInclude>
    <ClInclude Include="..\..\src\pathtracer_kernels.h">
      <Filter>Source Files</Filter>
    </ClInclude>
    <ClInclude Include="..\..\src\pathtracer_vertex_processor.h">
      <Filter>Source Files</Filter>
    </ClInclude>
    <ClInclude Include="..\..\src\psfpt_vertex_processor.h">
      <Filter>Source Files</Filter>
    </ClInclude>
    <ClInclude Include="..\..\src\renderers\bpt.h">
      <Filter>Source Files\renderers</Filter>
    </ClInclude>
    <ClInclude Include="..\..\src\renderers\cmlt.h">
      <Filter>Source Files\renderers</Filter>
    </ClInclude>
    <ClInclude Include="..\..\src\renderers\mlt.h">
      <Filter>Source Files\renderers</Filter>
    </ClInclude>
    <ClInclude Include="..\..\src\renderers\pathtracer.h">
      <Filter>Source Files\renderers</Filter>
    </ClInclude>
    <ClInclude Include="..\..\src\renderers\psfpt.h">
      <Filter>Source Files\renderers</Filter>
    </ClInclude>
    <ClInclude Include="..\..\src\renderers\pssmlt.h">
      <Filter>Source Files\renderers</Filter>
    </ClInclude>
    <ClInclude Include="..\..\src\renderers\rpt.h">
      <Filter>Source Files\renderers</Filter>
    </ClInclude>
    <ClInclude Include="..\..\src\renderers\bpt_impl.h">
      <Filter>Source Files\renderers</Filter>
    </ClInclude>
    <ClInclude Include="..\..\src\renderers\psfpt_impl.h">
      <Filter>Source Files\renderers</Filter>
    </ClInclude>
    <ClInclude Include="..\..\src\renderers\pathtracer_impl.h">
      <Filter>Source Files\renderers</Filter>
    </ClInclude>
    <ClInclude Include="..\..\src\renderers\mlt_core.h">
      <Filter>Source Files\renderers</Filter>
    </ClInclude>
    <ClInclude Include="..\..\src\renderers\mlt_kernels.h">
      <Filter>Source Files\renderers</Filter>
    </ClInclude>
    <ClInclude Include="..\..\src\renderers\mlt_perturbations.h">
      <Filter>Source Files\renderers</Filter>
    </ClInclude>
    <ClInclude Include="..\..\src\renderer_impl.h">
      <Filter>Source Files</Filter>
    </ClInclude>
    <ClInclude Include="..\..\src\mesh_lights_impl.h">
      <Filter>Source Files</Filter>
    </ClInclude>
    <ClInclude Include="..\..\src\dll.h">
      <Filter>Source Files</Filter>
    </ClInclude>
    <ClInclude Include="..\..\src\mesh\fermat_loader.h">
      <Filter>Source Files\mesh</Filter>
    </ClInclude>
    <ClInclude Include="..\..\src\mesh\pbrt_importer.h">
      <Filter>Source Files\mesh</Filter>
    </ClInclude>
    <ClInclude Include="..\..\src\mesh\pbrt_parser.h">
      <Filter>Source Files\mesh</Filter>
    </ClInclude>
  </ItemGroup>
  <ItemGroup>
    <ClCompile Include="..\..\src\mesh\glm.cpp">
      <Filter>Source Files\mesh</Filter>
    </ClCompile>
    <ClCompile Include="..\..\src\mesh\MeshBase.cpp">
      <Filter>Source Files\mesh</Filter>
    </ClCompile>
    <ClCompile Include="..\..\src\mesh\MeshLoader.cpp">
      <Filter>Source Files\mesh</Filter>
    </ClCompile>
    <ClCompile Include="..\..\src\mesh\MeshStorage.cpp">
      <Filter>Source Files\mesh</Filter>
    </ClCompile>
    <ClCompile Include="..\..\src\mesh\rply-1.01\rply.c">
      <Filter>Source Files\mesh\rply</Filter>
    </ClCompile>
    <ClCompile Include="..\..\src\mesh\fermat_loader.cpp">
      <Filter>Source Files\mesh</Filter>
    </ClCompile>
    <ClCompile Include="..\..\src\files.cpp">
      <Filter>Source Files</Filter>
    </ClCompile>
    <ClCompile Include="..\..\src\mesh\assimp_loader.cpp">
      <Filter>Source Files\mesh</Filter>
    </ClCompile>
    <ClCompile Include="..\..\src\rt.cpp">
      <Filter>Source Files</Filter>
    </ClCompile>
    <ClCompile Include="..\..\src\dll.cpp">
      <Filter>Source Files</Filter>
    </ClCompile>
    <ClCompile Include="..\..\src\mesh\pbrt_importer.cpp">
      <Filter>Source Files\mesh</Filter>
    </ClCompile>
    <ClCompile Include="..\..\src\mesh\pbrt_parser.cpp">
      <Filter>Source Files\mesh</Filter>
    </ClCompile>
  </ItemGroup>
  <ItemGroup>
    <CudaCompile Include="..\..\src\renderer.cu">
      <Filter>Source Files</Filter>
    </CudaCompile>
    <CudaCompile Include="..\..\src\mesh_lights.cu">
      <Filter>Source Files</Filter>
    </CudaCompile>
    <CudaCompile Include="..\..\src\glut_viewer.cu">
      <Filter>Source Files</Filter>
    </CudaCompile>
    <CudaCompile Include="..\..\src\tiled_sequence.cu">
      <Filter>Source Files</Filter>
    </CudaCompile>
    <CudaCompile Include="..\..\src\eaw.cu">
      <Filter>Source Files</Filter>
    </CudaCompile>
    <CudaCompile Include="..\..\src\mesh\MeshKernels.cu">
      <Filter>Source Files\mesh</Filter>
    </CudaCompile>
    <CudaCompile Include="..\..\src\uv_bvh.cu">
      <Filter>Source Files</Filter>
    </CudaCompile>
    <CudaCompile Include="..\..\src\clustered_rl.cu">
      <Filter>Source Files</Filter>
    </CudaCompile>
    <CudaCompile Include="..\..\src\xbl.cu">
      <Filter>Source Files</Filter>
    </CudaCompile>
    <CudaCompile Include="..\..\src\kernels\optix_material.cu">
      <Filter>Source Files\kernels</Filter>
    </CudaCompile>
    <CudaCompile Include="..\..\src\kernels\null_ray_gen.cu">
      <Filter>Source Files\kernels</Filter>
    </CudaCompile>
    <CudaCompile Include="..\..\src\kernels\optix_shadow_material.cu">
      <Filter>Source Files\kernels</Filter>
    </CudaCompile>
    <CudaCompile Include="..\..\src\kernels\optix_rt.cu">
      <Filter>Source Files\kernels</Filter>
    </CudaCompile>
    <CudaCompile Include="..\..\src\renderers\bpt.cu">
      <Filter>Source Files\renderers</Filter>
    </CudaCompile>
    <CudaCompile Include="..\..\src\renderers\cmlt.cu">
      <Filter>Source Files\renderers</Filter>
    </CudaCompile>
    <CudaCompile Include="..\..\src\renderers\mlt.cu">
      <Filter>Source Files\renderers</Filter>
    </CudaCompile>
    <CudaCompile Include="..\..\src\renderers\pathtracer.cu">
      <Filter>Source Files\renderers</Filter>
    </CudaCompile>
    <CudaCompile Include="..\..\src\renderers\psfpt.cu">
      <Filter>Source Files\renderers</Filter>
    </CudaCompile>
    <CudaCompile Include="..\..\src\renderers\pssmlt.cu">
      <Filter>Source Files\renderers</Filter>
    </CudaCompile>
    <CudaCompile Include="..\..\src\renderers\rpt.cu">
      <Filter>Source Files\renderers</Filter>
    </CudaCompile>
  </ItemGroup>
  <ItemGroup>
    <None Include="..\..\src\fermat.dox">
      <Filter>doxygen</Filter>
    </None>
    <None Include="..\..\README.md">
      <Filter>Source Files</Filter>
    </None>
  </ItemGroup>
</Project>